<?xml version="1.0" encoding="utf-8"?>
<Project ToolsVersion="4.0" xmlns="http://schemas.microsoft.com/developer/msbuild/2003">
  <ItemGroup>
    <Filter Include="Lazzo">
      <UniqueIdentifier>{558E950D-C1A2-BDBE-8A24-611EF6F7B9EF}</UniqueIdentifier>
    </Filter>
  </ItemGroup>
  <ItemGroup>
    <ClInclude Include="src\Lazzo.h" />
    <ClInclude Include="src\Lazzo\Application.h">
      <Filter>Lazzo</Filter>
    </ClInclude>
    <ClInclude Include="src\Lazzo\Core.h">
      <Filter>Lazzo</Filter>
    </ClInclude>
    <ClInclude Include="src\Lazzo\EntryPoint.h">
      <Filter>Lazzo</Filter>
    </ClInclude>
    <ClInclude Include="src\Lazzo\Log.h">
      <Filter>Lazzo</Filter>
    </ClInclude>
  </ItemGroup>
  <ItemGroup>
    <ClCompile Include="src\Lazzo\Application.cpp">
      <Filter>Lazzo</Filter>
    </ClCompile>
    <ClCompile Include="src\Lazzo\Log.cpp">
      <Filter>Lazzo</Filter>
    </ClCompile>
  </ItemGroup>
</Project>